PODS:
  - KQTaskNetworkManager (0.1.0)

DEPENDENCIES:
  - KQTaskNetworkManager (from `../`)

EXTERNAL SOURCES:
  KQTaskNetworkManager:
    :path: "../"

SPEC CHECKSUMS:
  KQTaskNetworkManager: b9810709306d1190ae4c92b56bca21a016c8f634

PODFILE CHECKSUM: e84d6f4e8071d2a11c39ad608922f5646f832a23

COCOAPODS: 1.11.3
